{
  "name": "reactxp-chart",
  "version": "0.0.5",
  "lockfileVersion": 1,
  "requires": true,
  "dependencies": {
    "d3-array": {
      "version": "1.2.4",
      "resolved": "https://registry.npmjs.org/d3-array/-/d3-array-1.2.4.tgz",
      "integrity": "sha512-KHW6M86R+FUPYGb3R5XiYjXPq7VzwxZ22buHhAEVG5ztoEcZZMLov530mmccaqA1GghZArjQV46fuc8kUqhhHw=="
    },
    "d3-collection": {
      "version": "1.0.7",
      "resolved": "https://registry.npmjs.org/d3-collection/-/d3-collection-1.0.7.tgz",
      "integrity": "sha512-ii0/r5f4sjKNTfh84Di+DpztYwqKhEyUlKoPrzUFfeSkWxjW49xU2QzO9qrPrNkpdI0XJkfzvmTu8V2Zylln6A=="
    },
    "d3-color": {
      "version": "1.2.3",
      "resolved": "https://registry.npmjs.org/d3-color/-/d3-color-1.2.3.tgz",
      "integrity": "sha512-x37qq3ChOTLd26hnps36lexMRhNXEtVxZ4B25rL0DVdDsGQIJGB18S7y9XDwlDD6MD/ZBzITCf4JjGMM10TZkw=="
    },
    "d3-ease": {
      "version": "1.0.5",
      "resolved": "https://registry.npmjs.org/d3-ease/-/d3-ease-1.0.5.tgz",
      "integrity": "sha512-Ct1O//ly5y5lFM9YTdu+ygq7LleSgSE4oj7vUt9tPLHUi8VCV7QoizGpdWRWAwCO9LdYzIrQDg97+hGVdsSGPQ=="
    },
    "d3-format": {
      "version": "1.3.2",
      "resolved": "https://registry.npmjs.org/d3-format/-/d3-format-1.3.2.tgz",
      "integrity": "sha512-Z18Dprj96ExragQ0DeGi+SYPQ7pPfRMtUXtsg/ChVIKNBCzjO8XYJvRTC1usblx52lqge56V5ect+frYTQc8WQ=="
    },
    "d3-interpolate": {
      "version": "1.3.2",
      "resolved": "https://registry.npmjs.org/d3-interpolate/-/d3-interpolate-1.3.2.tgz",
      "integrity": "sha512-NlNKGopqaz9qM1PXh9gBF1KSCVh+jSFErrSlD/4hybwoNX/gt1d8CDbDW+3i+5UOHhjC6s6nMvRxcuoMVNgL2w==",
      "requires": {
        "d3-color": "1"
      }
    },
    "d3-path": {
      "version": "1.0.7",
      "resolved": "https://registry.npmjs.org/d3-path/-/d3-path-1.0.7.tgz",
      "integrity": "sha512-q0cW1RpvA5c5ma2rch62mX8AYaiLX0+bdaSM2wxSU9tXjU4DNvkx9qiUvjkuWCj3p22UO/hlPivujqMiR9PDzA=="
    },
    "d3-scale": {
      "version": "1.0.7",
      "resolved": "https://registry.npmjs.org/d3-scale/-/d3-scale-1.0.7.tgz",
      "integrity": "sha512-KvU92czp2/qse5tUfGms6Kjig0AhHOwkzXG0+PqIJB3ke0WUv088AHMZI0OssO9NCkXt4RP8yju9rpH8aGB7Lw==",
      "requires": {
        "d3-array": "^1.2.0",
        "d3-collection": "1",
        "d3-color": "1",
        "d3-format": "1",
        "d3-interpolate": "1",
        "d3-time": "1",
        "d3-time-format": "2"
      }
    },
    "d3-shape": {
      "version": "1.2.2",
      "resolved": "https://registry.npmjs.org/d3-shape/-/d3-shape-1.2.2.tgz",
      "integrity": "sha512-hUGEozlKecFZ2bOSNt7ENex+4Tk9uc/m0TtTEHBvitCBxUNjhzm5hS2GrrVRD/ae4IylSmxGeqX5tWC2rASMlQ==",
      "requires": {
        "d3-path": "1"
      }
    },
    "d3-time": {
      "version": "1.0.10",
      "resolved": "https://registry.npmjs.org/d3-time/-/d3-time-1.0.10.tgz",
      "integrity": "sha512-hF+NTLCaJHF/JqHN5hE8HVGAXPStEq6/omumPE/SxyHVrR7/qQxusFDo0t0c/44+sCGHthC7yNGFZIEgju0P8g=="
    },
    "d3-time-format": {
      "version": "2.1.3",
      "resolved": "https://registry.npmjs.org/d3-time-format/-/d3-time-format-2.1.3.tgz",
      "integrity": "sha512-6k0a2rZryzGm5Ihx+aFMuO1GgelgIz+7HhB4PH4OEndD5q2zGn1mDfRdNrulspOfR6JXkb2sThhDK41CSK85QA==",
      "requires": {
        "d3-time": "1"
      }
    },
    "d3-timer": {
      "version": "1.0.9",
      "resolved": "https://registry.npmjs.org/d3-timer/-/d3-timer-1.0.9.tgz",
      "integrity": "sha512-rT34J5HnQUHhcLvhSB9GjCkN0Ddd5Y8nCwDBG2u6wQEeYxT/Lf51fTFFkldeib/sE/J0clIe0pnCfs6g/lRbyg=="
    },
    "d3-voronoi": {
      "version": "1.1.4",
      "resolved": "https://registry.npmjs.org/d3-voronoi/-/d3-voronoi-1.1.4.tgz",
      "integrity": "sha512-dArJ32hchFsrQ8uMiTBLq256MpnZjeuBtdHpaDlYuQyjU0CVzCJl/BVW+SkszaAeH95D/8gxqAhgx0ouAWAfRg=="
    },
    "js-tokens": {
      "version": "4.0.0",
      "resolved": "https://registry.npmjs.org/js-tokens/-/js-tokens-4.0.0.tgz",
      "integrity": "sha512-RdJUflcE3cUzKiMqQgsCu06FPu9UdIJO0beYbPhHN4k6apgJtifcoCtT9bcxOpYBtpD2kCM6Sbzg4CausW/PKQ=="
    },
    "lodash": {
      "version": "4.17.11",
      "resolved": "https://registry.npmjs.org/lodash/-/lodash-4.17.11.tgz",
      "integrity": "sha512-cQKh8igo5QUhZ7lg38DYWAxMvjSAKG0A8wGSVimP07SIUEK2UO+arSRKbRZWtelMtN5V0Hkwh5ryOto/SshYIg=="
    },
    "loose-envify": {
      "version": "1.4.0",
      "resolved": "https://registry.npmjs.org/loose-envify/-/loose-envify-1.4.0.tgz",
      "integrity": "sha512-lyuxPGr/Wfhrlem2CL/UcnUc1zcqKAImBDzukY7Y5F/yQiNdko6+fRLevlw1HgMySw7f611UIY408EtxRSoK3Q==",
      "requires": {
        "js-tokens": "^3.0.0 || ^4.0.0"
      }
    },
    "object-assign": {
      "version": "4.1.1",
      "resolved": "https://registry.npmjs.org/object-assign/-/object-assign-4.1.1.tgz",
      "integrity": "sha1-IQmtx5ZYh8/AXLvUQsrIv7s2CGM="
    },
    "prop-types": {
      "version": "15.6.2",
      "resolved": "https://registry.npmjs.org/prop-types/-/prop-types-15.6.2.tgz",
      "integrity": "sha512-3pboPvLiWD7dkI3qf3KbUe6hKFKa52w+AE0VCqECtf+QHAKgOL37tTaNCnuX1nAAQ4ZhyP+kYVKf8rLmJ/feDQ==",
      "requires": {
        "loose-envify": "^1.3.1",
        "object-assign": "^4.1.1"
      }
    },
    "react-fast-compare": {
      "version": "2.0.4",
      "resolved": "https://registry.npmjs.org/react-fast-compare/-/react-fast-compare-2.0.4.tgz",
      "integrity": "sha512-suNP+J1VU1MWFKcyt7RtjiSWUjvidmQSlqu+eHslq+342xCbGTYmC0mEhPCOHxlW0CywylOC1u2DFAT+bv4dBw=="
    },
    "victory": {
      "version": "31.3.0",
      "resolved": "https://registry.npmjs.org/victory/-/victory-31.3.0.tgz",
      "integrity": "sha512-L+sUq+OeL9pdJu8j1ruYyrvPlhLcTHCdMXizFhWcZnts24FJbGekeVEHz0TrMEn1LXi8FS6EFtIMztW+XVPNHA==",
      "requires": {
        "victory-area": "^31.2.0",
        "victory-axis": "^31.2.0",
        "victory-bar": "^31.2.0",
        "victory-box-plot": "^31.3.0",
        "victory-brush-container": "^31.2.0",
        "victory-brush-line": "^31.2.0",
        "victory-candlestick": "^31.2.0",
        "victory-chart": "^31.2.0",
        "victory-core": "^31.2.0",
        "victory-create-container": "^31.2.0",
        "victory-cursor-container": "^31.2.0",
        "victory-errorbar": "^31.2.0",
        "victory-group": "^31.2.0",
        "victory-legend": "^31.2.0",
        "victory-line": "^31.2.0",
        "victory-pie": "^31.2.0",
        "victory-polar-axis": "^31.2.0",
        "victory-scatter": "^31.2.0",
        "victory-selection-container": "^31.2.0",
        "victory-shared-events": "^31.2.0",
        "victory-stack": "^31.2.0",
        "victory-tooltip": "^31.2.0",
        "victory-voronoi": "^31.2.0",
        "victory-voronoi-container": "^31.2.0",
        "victory-zoom-container": "^31.2.0"
      },
      "dependencies": {
        "victory-area": {
          "version": "31.2.0",
          "resolved": "https://registry.npmjs.org/victory-area/-/victory-area-31.2.0.tgz",
          "integrity": "sha512-C2DT6Cyb3PIYtpbp/nI4yfqQv1gALmqoOzILvPcbkHUFhN8YbcTawRospd2QmLRSPqTW/DMQPLkHFfYdLiW/TA==",
          "requires": {
            "d3-shape": "^1.2.0",
            "lodash": "^4.17.5",
            "prop-types": "^15.5.8",
            "victory-core": "^31.2.0"
          }
        },
        "victory-axis": {
          "version": "31.2.0",
          "resolved": "https://registry.npmjs.org/victory-axis/-/victory-axis-31.2.0.tgz",
          "integrity": "sha512-nFRSR5W3lFZct84UiP1pfcBFRdnjsYhx+3+ZJZxR/bURdvWYyP24cXtEkV/NTMxJMbo+CjJHyv/3YNsr74B5aA==",
          "requires": {
            "lodash": "^4.17.5",
            "prop-types": "^15.5.8",
            "victory-core": "^31.2.0"
          }
        },
        "victory-bar": {
          "version": "31.2.0",
          "resolved": "https://registry.npmjs.org/victory-bar/-/victory-bar-31.2.0.tgz",
          "integrity": "sha512-0OeHdrQgweRoMXPR6nPYw8+5BfMcCdMXNGN9slED7lT6f5cJ5qEQ7/JXAKlIcdQRPw25Kp2zCE8qOr38hGgUmA==",
          "requires": {
            "d3-shape": "^1.2.0",
            "lodash": "^4.17.5",
            "prop-types": "^15.5.8",
            "victory-core": "^31.2.0"
          }
        },
        "victory-box-plot": {
          "version": "31.3.0",
          "resolved": "https://registry.npmjs.org/victory-box-plot/-/victory-box-plot-31.3.0.tgz",
          "integrity": "sha512-xn9gYIEWzyEeogIiQm3kHcTGoZhrHTzReoGSduO16MBsAqjqauU8xljyh9r965bg7+uMHAnkivhKH0kM1DSHsg==",
          "requires": {
            "d3-array": "^1.2.0",
            "lodash": "^4.17.5",
            "prop-types": "^15.5.8",
            "victory-core": "^31.2.0"
          }
        },
        "victory-brush-container": {
          "version": "31.2.0",
          "resolved": "https://registry.npmjs.org/victory-brush-container/-/victory-brush-container-31.2.0.tgz",
          "integrity": "sha512-TaLie/aUVkbp3Z+YE+c/BMCmlaIdjYQa7yHyfxzpW48AZEBkZKrmTnMn2SeJJPpZP1WJXVKcRc6UbNX65KnANQ==",
          "requires": {
            "lodash": "^4.17.5",
            "prop-types": "^15.5.8",
            "victory-core": "^31.2.0"
          }
        },
        "victory-brush-line": {
          "version": "31.2.0",
          "resolved": "https://registry.npmjs.org/victory-brush-line/-/victory-brush-line-31.2.0.tgz",
          "integrity": "sha512-JzDu1rXUNU7rGKPqjkr+QyqUwGqx7TEZn2WiFOb5xpjnl/zTfxSZqMABfwtaj+pJ8qo035KMMMgXaF3RAcKjpA==",
          "requires": {
            "lodash": "^4.17.5",
            "prop-types": "^15.5.8",
            "victory-core": "^31.2.0"
          }
        },
        "victory-candlestick": {
          "version": "31.2.0",
          "resolved": "https://registry.npmjs.org/victory-candlestick/-/victory-candlestick-31.2.0.tgz",
          "integrity": "sha512-s6GihyBzW8fqXcE0cQ8mw6rF23bTkHvWjW3kg0iY6JJkWTomCd46nypiIsf/MwbvJLdjyIwjtyPmgJ8YCOdnZA==",
          "requires": {
            "lodash": "^4.17.5",
            "prop-types": "^15.5.8",
            "victory-core": "^31.2.0"
          }
        },
        "victory-chart": {
          "version": "31.2.0",
          "resolved": "https://registry.npmjs.org/victory-chart/-/victory-chart-31.2.0.tgz",
          "integrity": "sha512-FcPfnIfW9ahLHRyglMwiSBjtWEoWeVQU4CR1Wgx6T8FiHmCSKs1Eh1YasFfveKOA15w6d+6zVxYJLVZTEAI88A==",
          "requires": {
            "lodash": "^4.17.5",
            "prop-types": "^15.5.8",
            "react-fast-compare": "^2.0.0",
            "victory-axis": "^31.2.0",
            "victory-core": "^31.2.0",
            "victory-polar-axis": "^31.2.0",
            "victory-shared-events": "^31.2.0"
          }
        },
        "victory-core": {
          "version": "31.2.0",
          "resolved": "https://registry.npmjs.org/victory-core/-/victory-core-31.2.0.tgz",
          "integrity": "sha512-fKSJ2vKkvk6jc6ofBQ7/MbC2+r3Do7zeKfUnT7l4Z163kPDOWicA+wUdgMPlRtRv4J70z9tIENq8xMI22FMCpA==",
          "requires": {
            "d3-ease": "^1.0.0",
            "d3-interpolate": "^1.1.1",
            "d3-scale": "^1.0.0",
            "d3-shape": "^1.2.0",
            "d3-timer": "^1.0.0",
            "lodash": "^4.17.5",
            "prop-types": "^15.5.8",
            "react-fast-compare": "^2.0.0"
          }
        },
        "victory-create-container": {
          "version": "31.2.0",
          "resolved": "https://registry.npmjs.org/victory-create-container/-/victory-create-container-31.2.0.tgz",
          "integrity": "sha512-4qqoHDODZdJUCK4X1z6aQmEjgc5EYPqIdTIGBsXGOsWeLKITv1tmg/gDn0ULfx/VfLpwZGkpQNBOcGnLfsKbZQ==",
          "requires": {
            "lodash": "^4.17.5",
            "victory-brush-container": "^31.2.0",
            "victory-core": "^31.2.0",
            "victory-cursor-container": "^31.2.0",
            "victory-selection-container": "^31.2.0",
            "victory-voronoi-container": "^31.2.0",
            "victory-zoom-container": "^31.2.0"
          }
        },
        "victory-cursor-container": {
          "version": "31.2.0",
          "resolved": "https://registry.npmjs.org/victory-cursor-container/-/victory-cursor-container-31.2.0.tgz",
          "integrity": "sha512-C/yVWhKtDqrUBc3bMX5XAV2GKyA8oB36wlm3NpOWpwEcL2JDif+wrsDXh4obHanH7RIaZN50Wbxs6Q21XzztNQ==",
          "requires": {
            "lodash": "^4.17.5",
            "prop-types": "^15.5.8",
            "victory-core": "^31.2.0"
          }
        },
        "victory-errorbar": {
          "version": "31.2.0",
          "resolved": "https://registry.npmjs.org/victory-errorbar/-/victory-errorbar-31.2.0.tgz",
          "integrity": "sha512-5zp8NVp3Pmtz0cApGXTvJSE39sKDoQwJN+i6I00eIaKSYcJnlG2A4k0ktddzrZIErTfuNkmHAXLopegw/p2Dfw==",
          "requires": {
            "lodash": "^4.17.5",
            "prop-types": "^15.5.8",
            "victory-core": "^31.2.0"
          }
        },
        "victory-group": {
          "version": "31.2.0",
          "resolved": "https://registry.npmjs.org/victory-group/-/victory-group-31.2.0.tgz",
          "integrity": "sha512-BlQFMuhmOe7Q4cr2GkfaDjY7iqiLYTLPlOAx7TdtT8xBp+xe0Dulffxbdj4FX/wANuLI5UMNR2+XPdtTU9APng==",
          "requires": {
            "lodash": "^4.17.5",
            "prop-types": "^15.5.8",
            "react-fast-compare": "^2.0.0",
            "victory-core": "^31.2.0"
          }
        },
        "victory-legend": {
          "version": "31.2.0",
          "resolved": "https://registry.npmjs.org/victory-legend/-/victory-legend-31.2.0.tgz",
          "integrity": "sha512-3uZzx6hmaZXn+bDn284TyZkDWRCE+zw0MZ2ABbII9jLxbP/8073fAj2DJA1AJ7Tjkq/ck9nQlHeddL5XyOyP/g==",
          "requires": {
            "lodash": "^4.17.5",
            "prop-types": "^15.5.8",
            "victory-core": "^31.2.0"
          }
        },
        "victory-line": {
          "version": "31.2.0",
          "resolved": "https://registry.npmjs.org/victory-line/-/victory-line-31.2.0.tgz",
          "integrity": "sha512-Jld+JCcyTkEuSU/WKWx1BeUL0BbwO90nwp2gbzH47lazgVxgyzffiziZQm7FJlUDJUxXPu2e4qTxGoajhoo6yg==",
          "requires": {
            "d3-shape": "^1.2.0",
            "lodash": "^4.17.5",
            "prop-types": "^15.5.8",
            "victory-core": "^31.2.0"
          }
        },
        "victory-pie": {
          "version": "31.2.0",
          "resolved": "https://registry.npmjs.org/victory-pie/-/victory-pie-31.2.0.tgz",
          "integrity": "sha512-USpa9RcUZLBWmbAWXAxjHhSwsuoV0w7G3LXpsrhDAz7zIIEupLh3v8s67qr4yRGv8zapo1wedS+xtRP7AVVgTQ==",
          "requires": {
            "d3-shape": "^1.0.0",
            "lodash": "^4.17.5",
            "prop-types": "^15.5.8",
            "victory-core": "^31.2.0"
          }
        },
        "victory-polar-axis": {
          "version": "31.2.0",
          "resolved": "https://registry.npmjs.org/victory-polar-axis/-/victory-polar-axis-31.2.0.tgz",
          "integrity": "sha512-TEl6BDB6zaSc13moR3/J61tEKoVdgpXrUsE96zDUMCSXiyaVbAcQLyp7vZTFxQZJwrlhY68Ud6rcIAhiwej5zg==",
          "requires": {
            "lodash": "^4.17.5",
            "prop-types": "^15.5.8",
            "victory-core": "^31.2.0"
          }
        },
        "victory-scatter": {
          "version": "31.2.0",
          "resolved": "https://registry.npmjs.org/victory-scatter/-/victory-scatter-31.2.0.tgz",
          "integrity": "sha512-k8RHTrpqUFhuu2TphOn1RaohU9lKJRmDG6FUKcF8HAdnAwworS6+cbY6OD5VToWsCZiCxjnLHzAzmOklm7hP4g==",
          "requires": {
            "lodash": "^4.17.5",
            "prop-types": "^15.5.8",
            "victory-core": "^31.2.0"
          }
        },
        "victory-selection-container": {
          "version": "31.2.0",
          "resolved": "https://registry.npmjs.org/victory-selection-container/-/victory-selection-container-31.2.0.tgz",
          "integrity": "sha512-uFhlfVEhIwh4AmrKApe3rxc7f9ZXbvjIVA2xEpxQETz7YCdh9RSwwvs/NKbrBJKxdl8S0vtleEGkumx5/7IeHQ==",
          "requires": {
            "lodash": "^4.17.5",
            "prop-types": "^15.5.8",
            "victory-core": "^31.2.0"
          }
        },
        "victory-shared-events": {
          "version": "31.2.0",
          "resolved": "https://registry.npmjs.org/victory-shared-events/-/victory-shared-events-31.2.0.tgz",
          "integrity": "sha512-jtvDD7WClLVaJhuQLkaNJy0/IlfaIUay8YPTY4Lkyioedv8dAWXsggmrCXhxNP1+OBOHVFGpn1Zq1PnG1tJYuA==",
          "requires": {
            "lodash": "^4.17.5",
            "prop-types": "^15.5.8",
            "react-fast-compare": "^2.0.0",
            "victory-core": "^31.2.0"
          }
        },
        "victory-stack": {
          "version": "31.2.0",
          "resolved": "https://registry.npmjs.org/victory-stack/-/victory-stack-31.2.0.tgz",
          "integrity": "sha512-dZROpWYzCmaNBxO5nRmAVpC9HNhBtLtQLsbNDExF/tswlTJrwgzA8xzTpr4Wb3JAc3FSBG67k59Mo47ebsef9Q==",
          "requires": {
            "lodash": "^4.17.5",
            "prop-types": "^15.5.8",
            "react-fast-compare": "^2.0.0",
            "victory-core": "^31.2.0"
          }
        },
        "victory-tooltip": {
          "version": "31.2.0",
          "resolved": "https://registry.npmjs.org/victory-tooltip/-/victory-tooltip-31.2.0.tgz",
          "integrity": "sha512-qt59IDvSvu3yw3VpMNVSjLcFyDPme77reFmcuvLDN4tglF7lLeiG69JgnmtKFILkTL7R3/eIMyufJwQgVRLDiA==",
          "requires": {
            "lodash": "^4.17.5",
            "prop-types": "^15.5.8",
            "victory-core": "^31.2.0"
          }
        },
        "victory-voronoi": {
          "version": "31.2.0",
          "resolved": "https://registry.npmjs.org/victory-voronoi/-/victory-voronoi-31.2.0.tgz",
          "integrity": "sha512-orCNZRsMfzwVbP4p+dmJVFqWgP0YgwuhsNeck/mbCt8lRVi0T3oKSrureGMfcqeLpWnOF6dyMiTK34MX+fOZpA==",
          "requires": {
            "d3-voronoi": "^1.1.2",
            "lodash": "^4.17.5",
            "prop-types": "^15.5.8",
            "victory-core": "^31.2.0"
          }
        },
        "victory-voronoi-container": {
          "version": "31.2.0",
          "resolved": "https://registry.npmjs.org/victory-voronoi-container/-/victory-voronoi-container-31.2.0.tgz",
          "integrity": "sha512-DTLjVVdvBENJMnNG8u2FKfXDCTVeE/QSvw2wbMkt3avi7RpSg/QAHaqplr6/ALYln5QXJ73tqp4XzR2aMY/gsQ==",
          "requires": {
            "d3-voronoi": "^1.1.2",
            "lodash": "^4.17.5",
            "prop-types": "^15.5.8",
            "victory-core": "^31.2.0",
            "victory-tooltip": "^31.2.0"
          }
        },
        "victory-zoom-container": {
          "version": "31.2.0",
          "resolved": "https://registry.npmjs.org/victory-zoom-container/-/victory-zoom-container-31.2.0.tgz",
          "integrity": "sha512-ENr7ptNtThESp1SiY8vDgZgAEgAe43jt/QqChxjzbnz4KKfbDx21gODV2L4bi6FYONsRUXu27pa/YaOLi38oWA==",
          "requires": {
            "lodash": "^4.17.5",
            "prop-types": "^15.5.8",
            "victory-core": "^31.2.0"
          }
        }
      }
    },
    "victory-area": {
      "version": "31.0.0",
      "resolved": "https://registry.npmjs.org/victory-area/-/victory-area-31.0.0.tgz",
      "integrity": "sha512-qYiBqKQPm9mKwy9zmMmKHcqwuG0rFxi1NOsLjd4ecDRfSEHSEWU9w3OnfQbfNfKHjFt7NTXeUwehwM50bcfgWg==",
      "requires": {
        "d3-shape": "^1.2.0",
        "lodash": "^4.17.5",
        "prop-types": "^15.5.8",
        "victory-core": "^31.0.0"
      }
    },
    "victory-axis": {
      "version": "31.0.0",
      "resolved": "https://registry.npmjs.org/victory-axis/-/victory-axis-31.0.0.tgz",
      "integrity": "sha512-treFAU14KUcCGTB1FiQ1RPVqOLbxxpEVQ8YeQFl8OjOkhlmjP1t2t7IMHg8VpdTiWof5VfkEIwEkvT7lUno0TA==",
      "requires": {
        "lodash": "^4.17.5",
        "prop-types": "^15.5.8",
        "victory-core": "^31.0.0"
      }
    },
    "victory-bar": {
      "version": "31.0.1",
      "resolved": "https://registry.npmjs.org/victory-bar/-/victory-bar-31.0.1.tgz",
      "integrity": "sha512-NHfAA1ErCMdkL/cd7WaL+lWlN7XGqdITMQjhoDGbI7YKmIUTPZboB53iR/a0+hwVpxO4haKGAivb83MZ4jCGow==",
      "requires": {
        "d3-shape": "^1.2.0",
        "lodash": "^4.17.5",
        "prop-types": "^15.5.8",
        "victory-core": "^31.0.0"
      }
    },
    "victory-box-plot": {
      "version": "31.0.0",
      "resolved": "https://registry.npmjs.org/victory-box-plot/-/victory-box-plot-31.0.0.tgz",
      "integrity": "sha512-/brz0bNMpPWCigb7xm022mhJOGZgU9CbqleYWdxnS6go7ggW+wHodZ34nruY4uK40zMgH6LPbc1uRnTnxdjU9g==",
      "requires": {
        "d3-array": "^1.2.0",
        "lodash": "^4.17.5",
        "prop-types": "^15.5.8",
        "victory-core": "^31.0.0"
      }
    },
    "victory-brush-container": {
      "version": "31.0.0",
      "resolved": "https://registry.npmjs.org/victory-brush-container/-/victory-brush-container-31.0.0.tgz",
      "integrity": "sha512-/FLqZ15DmlTDwcT68KJNKe4sOimgdoG1akh0PHkDo86+MGeJOOm5HgT4V7ql6o94HFAJIuFUlhO8lV9VMNzFSQ==",
      "requires": {
        "lodash": "^4.17.5",
        "prop-types": "^15.5.8",
        "victory-core": "^31.0.0"
      }
    },
    "victory-brush-line": {
      "version": "31.0.0",
      "resolved": "https://registry.npmjs.org/victory-brush-line/-/victory-brush-line-31.0.0.tgz",
      "integrity": "sha512-OTHSKCz6T90TaokrOeQaLALejWHuorN8u8KBEvSu5gyI8h2cHuuhWImNCKl6R9lJdY9ibOCv4p1JD7oTjabw7g==",
      "requires": {
        "lodash": "^4.17.5",
        "prop-types": "^15.5.8",
        "victory-core": "^31.0.0"
      }
    },
    "victory-candlestick": {
      "version": "31.0.0",
      "resolved": "https://registry.npmjs.org/victory-candlestick/-/victory-candlestick-31.0.0.tgz",
      "integrity": "sha512-IvLfB5SWVTI1a6C/QqQgrc6mJoWYJfsxvDCJuepaEGz5oyq8w5ANrUxQP4qsc+tGFhzD4Qgp4mbNMgiB47SN0A==",
      "requires": {
        "lodash": "^4.17.5",
        "prop-types": "^15.5.8",
        "victory-core": "^31.0.0"
      }
    },
    "victory-chart": {
      "version": "31.0.0",
      "resolved": "https://registry.npmjs.org/victory-chart/-/victory-chart-31.0.0.tgz",
      "integrity": "sha512-4/ByYEEnkkAXCnTUTIvXPb5viWstVNZuRdNCZSHbMBiQ3NB5UJ35qJNVp9Sxso5D1rvBzscycSFGmfkpAJScbA==",
      "requires": {
        "lodash": "^4.17.5",
        "prop-types": "^15.5.8",
        "react-fast-compare": "^2.0.0",
        "victory-axis": "^31.0.0",
        "victory-core": "^31.0.0",
        "victory-polar-axis": "^31.0.0",
        "victory-shared-events": "^31.0.0"
      }
    },
    "victory-core": {
      "version": "31.0.0",
      "resolved": "https://registry.npmjs.org/victory-core/-/victory-core-31.0.0.tgz",
      "integrity": "sha512-UJK/yTwHZFGSELc5YTGmH4kb8RdwoUpwhd8PrEeSO4mgg0oI7TjfBo8IiDN3UMORaDI60Z28+IR6KzxVkBCcuQ==",
      "requires": {
        "d3-ease": "^1.0.0",
        "d3-interpolate": "^1.1.1",
        "d3-scale": "^1.0.0",
        "d3-shape": "^1.2.0",
        "d3-timer": "^1.0.0",
        "lodash": "^4.17.5",
        "prop-types": "^15.5.8",
        "react-fast-compare": "^2.0.0"
      }
    },
    "victory-create-container": {
      "version": "31.0.1",
      "resolved": "https://registry.npmjs.org/victory-create-container/-/victory-create-container-31.0.1.tgz",
      "integrity": "sha512-mOV1An+G3HR6GJ0goSEL65s7/7e+V4ym3RPtf+QjzM8L8UN98XmtzbfHjR/ovmKGtgQDPxByAf6iZ0FcuLo+uA==",
      "requires": {
        "lodash": "^4.17.5",
        "victory-brush-container": "^31.0.0",
        "victory-core": "^31.0.0",
        "victory-cursor-container": "^31.0.0",
        "victory-selection-container": "^31.0.0",
        "victory-voronoi-container": "^31.0.0",
        "victory-zoom-container": "^31.0.1"
      }
    },
    "victory-cursor-container": {
      "version": "31.0.0",
      "resolved": "https://registry.npmjs.org/victory-cursor-container/-/victory-cursor-container-31.0.0.tgz",
      "integrity": "sha512-KpigxPBgrVj/bUMgITy1cdLTOPdtEfB8qxJVpmJc07RgVYsCa+yH2cND85WIZs3oo4s0SOwkkXUnF/YblfPvVg==",
      "requires": {
        "lodash": "^4.17.5",
        "prop-types": "^15.5.8",
        "victory-core": "^31.0.0"
      }
    },
    "victory-errorbar": {
      "version": "31.0.0",
      "resolved": "https://registry.npmjs.org/victory-errorbar/-/victory-errorbar-31.0.0.tgz",
      "integrity": "sha512-euaPsiO2vUDsmLOBonL/YdaCmAg0PrPpTlLJwNymAsvslfJcs8x4QhqvvZI9R0UDdgvfiQfHPHrIJoV97zz4Vw==",
      "requires": {
        "lodash": "^4.17.5",
        "prop-types": "^15.5.8",
        "victory-core": "^31.0.0"
      }
    },
    "victory-group": {
      "version": "31.0.0",
      "resolved": "https://registry.npmjs.org/victory-group/-/victory-group-31.0.0.tgz",
      "integrity": "sha512-7x0TWYhtv+KYgkpTqkBuGQeS34aumUMPF+9fKLK3h7FlwljPYcZK3rpnK5tkEKE1buIpHzSyfhRTk8m8m4UIPA==",
      "requires": {
        "lodash": "^4.17.5",
        "prop-types": "^15.5.8",
        "victory-core": "^31.0.0"
      }
    },
    "victory-legend": {
      "version": "31.0.0",
      "resolved": "https://registry.npmjs.org/victory-legend/-/victory-legend-31.0.0.tgz",
      "integrity": "sha512-0Kvzq8bRf5p7FjMGlt7JpMGS2RpZ83xYkQsUanN0hT66IjY7tyo6MwYzHPo3EC6QEJcRmi6slWb9ekvTx8W63Q==",
      "requires": {
        "lodash": "^4.17.5",
        "prop-types": "^15.5.8",
        "victory-core": "^31.0.0"
      }
    },
    "victory-line": {
      "version": "31.0.0",
      "resolved": "https://registry.npmjs.org/victory-line/-/victory-line-31.0.0.tgz",
      "integrity": "sha512-BKekB9+NKcHKLjTgTTDLq/LIpIL69rertM3YAeewx3mCe2m4G3bXVMz9lgf0CewqC9Qq+OcVcIa3NRo/tuMNIw==",
      "requires": {
        "d3-shape": "^1.2.0",
        "lodash": "^4.17.5",
        "prop-types": "^15.5.8",
        "victory-core": "^31.0.0"
      }
    },
    "victory-native": {
      "version": "31.0.0",
      "resolved": "https://registry.npmjs.org/victory-native/-/victory-native-31.0.0.tgz",
      "integrity": "sha512-wk+NyZCujmkHGXc2gnJPvWVym4CjXrB3BJMt4YRb4ArYCrGdKaNSw4dTrFWVj/jEdP0gILns726l6tPdkM508A==",
      "requires": {
        "lodash": "^4.17.5",
        "prop-types": "^15.5.10",
        "react-fast-compare": "^2.0.0",
        "victory-area": "^31.0.0",
        "victory-axis": "^31.0.0",
        "victory-bar": "^31.0.0",
        "victory-box-plot": "^31.0.0",
        "victory-brush-container": "^31.0.0",
        "victory-brush-line": "^31.0.0",
        "victory-candlestick": "^31.0.0",
        "victory-chart": "^31.0.0",
        "victory-core": "^31.0.0",
        "victory-create-container": "^31.0.0",
        "victory-cursor-container": "^31.0.0",
        "victory-errorbar": "^31.0.0",
        "victory-group": "^31.0.0",
        "victory-legend": "^31.0.0",
        "victory-line": "^31.0.0",
        "victory-pie": "^31.0.0",
        "victory-polar-axis": "^31.0.0",
        "victory-scatter": "^31.0.0",
        "victory-selection-container": "^31.0.0",
        "victory-shared-events": "^31.0.0",
        "victory-stack": "^31.0.0",
        "victory-tooltip": "^31.0.0",
        "victory-voronoi": "^31.0.0",
        "victory-voronoi-container": "^31.0.0",
        "victory-zoom-container": "^31.0.0"
      }
    },
    "victory-pie": {
      "version": "31.0.0",
      "resolved": "https://registry.npmjs.org/victory-pie/-/victory-pie-31.0.0.tgz",
      "integrity": "sha512-McGYFajbM5mCzXpX0dvCiEFdo87NLPv2KeFlgU6lbusYjbvKgN6nWMGsF5xg2TlCyWp1weIh9SFmWXKVp6qn+g==",
      "requires": {
        "d3-shape": "^1.0.0",
        "lodash": "^4.17.5",
        "prop-types": "^15.5.8",
        "victory-core": "^31.0.0"
      }
    },
    "victory-polar-axis": {
      "version": "31.0.0",
      "resolved": "https://registry.npmjs.org/victory-polar-axis/-/victory-polar-axis-31.0.0.tgz",
      "integrity": "sha512-7K44s6RTdKe9mEcyx2XdKvAd24kiE3tAfwyiIlXkfAIUstps3twAtR7QVqosk0O3JezEkFZy3kV3Ekl4R7admQ==",
      "requires": {
        "lodash": "^4.17.5",
        "prop-types": "^15.5.8",
        "victory-core": "^31.0.0"
      }
    },
    "victory-scatter": {
      "version": "31.0.0",
      "resolved": "https://registry.npmjs.org/victory-scatter/-/victory-scatter-31.0.0.tgz",
      "integrity": "sha512-vXXcQr5PZhjNzboR7siiAiGWlfIhuhWwrD5bu52Az/NLpjVh10+xO2GRtAz9fD4JjslBc++luhLhUDTQCokUwg==",
      "requires": {
        "lodash": "^4.17.5",
        "prop-types": "^15.5.8",
        "victory-core": "^31.0.0"
      }
    },
    "victory-selection-container": {
      "version": "31.0.0",
      "resolved": "https://registry.npmjs.org/victory-selection-container/-/victory-selection-container-31.0.0.tgz",
      "integrity": "sha512-HNWjk+P50W3RRuC5BmJEzjlasar11TYJ2N1iXR2HSsTFttGXRw3PLPlzntWpnWoTohWDDU9CeMgtT5KpDNzPfw==",
      "requires": {
        "lodash": "^4.17.5",
        "prop-types": "^15.5.8",
        "victory-core": "^31.0.0"
      }
    },
    "victory-shared-events": {
      "version": "31.0.0",
      "resolved": "https://registry.npmjs.org/victory-shared-events/-/victory-shared-events-31.0.0.tgz",
      "integrity": "sha512-JAC7kFa9QopwvdkLT6C5PCD13h3ugQ3pF0MtKSicq6EnnmQYR9bPE7J6lm06QapW1XqWkHNXf+y93I3F9QexNQ==",
      "requires": {
        "lodash": "^4.17.5",
        "prop-types": "^15.5.8",
        "victory-core": "^31.0.0"
      }
    },
    "victory-stack": {
      "version": "31.0.0",
      "resolved": "https://registry.npmjs.org/victory-stack/-/victory-stack-31.0.0.tgz",
      "integrity": "sha512-q89fr3pdWmlTLfWFNTdMlW53uAUBOFBkkzPsM3tLTwwFYVRnrin097p/dDpl7p7g9oRIKEXVYPnAN/C462faUw==",
      "requires": {
        "lodash": "^4.17.5",
        "prop-types": "^15.5.8",
        "victory-core": "^31.0.0"
      }
    },
    "victory-tooltip": {
      "version": "31.0.0",
      "resolved": "https://registry.npmjs.org/victory-tooltip/-/victory-tooltip-31.0.0.tgz",
      "integrity": "sha512-iXc/VmeFZMghK7wqXKn9zswuyg150QIvZE8IZ7uq4vGYCxK96PvZJ54VX0a6S827LHL7LxVhfl4ysx1T/Aaq9g==",
      "requires": {
        "lodash": "^4.17.5",
        "prop-types": "^15.5.8",
        "victory-core": "^31.0.0"
      }
    },
    "victory-voronoi": {
      "version": "31.0.0",
      "resolved": "https://registry.npmjs.org/victory-voronoi/-/victory-voronoi-31.0.0.tgz",
      "integrity": "sha512-OMUmiQzFGiEaS+xbzBPNoyvX3uSc4K0B6Wocd+6QF0pXBLpxAusbQjbJTwhe0WlcBaK/V0mgHsqFSZH4cem+dg==",
      "requires": {
        "d3-voronoi": "^1.1.2",
        "lodash": "^4.17.5",
        "prop-types": "^15.5.8",
        "victory-core": "^31.0.0"
      }
    },
    "victory-voronoi-container": {
      "version": "31.0.0",
      "resolved": "https://registry.npmjs.org/victory-voronoi-container/-/victory-voronoi-container-31.0.0.tgz",
      "integrity": "sha512-TzlXbhbYKKBx0f2ltPekD07hE/l7nD99TzGRtkC6B4CQcBtUrEI9qBdxC5et24Z29Hi+Re3f6QiUlmBMyuiOpw==",
      "requires": {
        "d3-voronoi": "^1.1.2",
        "lodash": "^4.17.5",
        "prop-types": "^15.5.8",
        "victory-core": "^31.0.0",
        "victory-tooltip": "^31.0.0"
      }
    },
    "victory-zoom-container": {
      "version": "31.0.1",
      "resolved": "https://registry.npmjs.org/victory-zoom-container/-/victory-zoom-container-31.0.1.tgz",
      "integrity": "sha512-Hy7l0hnAAODavFnHYGNff5IM93oI5iFl2xOtzw+C4oqa0PFu/RSLrz7l9FO2sZpF8DxdFGMUToHqNOGPqJxEEw==",
      "requires": {
        "lodash": "^4.17.5",
        "prop-types": "^15.5.8",
        "victory-core": "^31.0.0"
      }
    }
  }
}
